
Microsoft Visual Studio Solution File, Format Version 12.00
# Visual Studio 15
VisualStudioVersion = 15.0.27703.2042
MinimumVisualStudioVersion = 10.0.40219.1
Project("{9A19103F-16F7-4668-BE54-9A1E7A4F7556}") = "TestWebApp", "TestWebApp\TestWebApp.csproj", "{F4DEDA74-72CF-45F1-8506-0B5727C4BFE8}"
EndProject
Project("{9A19103F-16F7-4668-BE54-9A1E7A4F7556}") = "UITests", "UITests\UITests.csproj", "{274BBAEF-A0EF-4EAA-A2FE-D97B3DC1D378}"
EndProject
Project("{E53339B2-1760-4266-BCC7-CA923CBCF16C}") = "docker-compose", "docker-compose.dcproj", "{B04308A2-47A9-4373-923D-C488562F7A16}"
EndProject
Global
	GlobalSection(SolutionConfigurationPlatforms) = preSolution
		Debug|Any CPU = Debug|Any CPU
		Release|Any CPU = Release|Any CPU
	EndGlobalSection
	GlobalSection(ProjectConfigurationPlatforms) = postSolution
		{F4DEDA74-72CF-45F1-8506-0B5727C4BFE8}.Debug|Any CPU.ActiveCfg = Debug|Any CPU
		{F4DEDA74-72CF-45F1-8506-0B5727C4BFE8}.Debug|Any CPU.Build.0 = Debug|Any CPU
		{F4DEDA74-72CF-45F1-8506-0B5727C4BFE8}.Release|Any CPU.ActiveCfg = Release|Any CPU
		{F4DEDA74-72CF-45F1-8506-0B5727C4BFE8}.Release|Any CPU.Build.0 = Release|Any CPU
		{274BBAEF-A0EF-4EAA-A2FE-D97B3DC1D378}.Debug|Any CPU.ActiveCfg = Debug|Any CPU
		{274BBAEF-A0EF-4EAA-A2FE-D97B3DC1D378}.Debug|Any CPU.Build.0 = Debug|Any CPU
		{274BBAEF-A0EF-4EAA-A2FE-D97B3DC1D378}.Release|Any CPU.ActiveCfg = Release|Any CPU
		{274BBAEF-A0EF-4EAA-A2FE-D97B3DC1D378}.Release|Any CPU.Build.0 = Release|Any CPU
		{B04308A2-47A9-4373-923D-C488562F7A16}.Debug|Any CPU.ActiveCfg = Debug|Any CPU
		{B04308A2-47A9-4373-923D-C488562F7A16}.Debug|Any CPU.Build.0 = Debug|Any CPU
		{B04308A2-47A9-4373-923D-C488562F7A16}.Release|Any CPU.ActiveCfg = Release|Any CPU
		{B04308A2-47A9-4373-923D-C488562F7A16}.Release|Any CPU.Build.0 = Release|Any CPU
	EndGlobalSection
	GlobalSection(SolutionProperties) = preSolution
		HideSolutionNode = FALSE
	EndGlobalSection
	GlobalSection(ExtensibilityGlobals) = postSolution
		SolutionGuid = {F161E61A-2C85-4428-861E-CF9B94469991}
	EndGlobalSection
EndGlobal
